// !$*UTF8*$!
{
	archiveVersion = 1;
	classes = {
	};
	objectVersion = 55;
	objects = {

/* Begin PBXBuildFile section */
		4EA8B4F62853A63F00684AC1 /* AppDelegate.swift in Sources */ = {isa = PBXBuildFile; fileRef = 4EA8B4F52853A63F00684AC1 /* AppDelegate.swift */; };
		4EA8B4F82853A63F00684AC1 /* SceneDelegate.swift in Sources */ = {isa = PBXBuildFile; fileRef = 4EA8B4F72853A63F00684AC1 /* SceneDelegate.swift */; };
		4EA8B4FA2853A63F00684AC1 /* HomeVC.swift in Sources */ = {isa = PBXBuildFile; fileRef = 4EA8B4F92853A63F00684AC1 /* HomeVC.swift */; };
		4EA8B4FD2853A63F00684AC1 /* Main.storyboard in Resources */ = {isa = PBXBuildFile; fileRef = 4EA8B4FB2853A63F00684AC1 /* Main.storyboard */; };
		4EA8B4FF2853A64000684AC1 /* Assets.xcassets in Resources */ = {isa = PBXBuildFile; fileRef = 4EA8B4FE2853A64000684AC1 /* Assets.xcassets */; };
		4EA8B5022853A64000684AC1 /* LaunchScreen.storyboard in Resources */ = {isa = PBXBuildFile; fileRef = 4EA8B5002853A64000684AC1 /* LaunchScreen.storyboard */; };
		4EA8B50D2853BEE300684AC1 /* BrandCell.swift in Sources */ = {isa = PBXBuildFile; fileRef = 4EA8B50C2853BEE300684AC1 /* BrandCell.swift */; };
		4EA8B50F2853BEF300684AC1 /* ShoeByBrandCell.swift in Sources */ = {isa = PBXBuildFile; fileRef = 4EA8B50E2853BEF300684AC1 /* ShoeByBrandCell.swift */; };
		4EA8B5142853C00F00684AC1 /* DataService.swift in Sources */ = {isa = PBXBuildFile; fileRef = 4EA8B5132853C00F00684AC1 /* DataService.swift */; };
		4EA8B5162853C13000684AC1 /* Brand.swift in Sources */ = {isa = PBXBuildFile; fileRef = 4EA8B5152853C13000684AC1 /* Brand.swift */; };
		4EA8B5182853C13D00684AC1 /* Shoe.swift in Sources */ = {isa = PBXBuildFile; fileRef = 4EA8B5172853C13D00684AC1 /* Shoe.swift */; };
		4EA8B51A2855580E00684AC1 /* PopularShoeCell.swift in Sources */ = {isa = PBXBuildFile; fileRef = 4EA8B5192855580E00684AC1 /* PopularShoeCell.swift */; };
		4EA8B51C285830A900684AC1 /* DetailsVC.swift in Sources */ = {isa = PBXBuildFile; fileRef = 4EA8B51B285830A900684AC1 /* DetailsVC.swift */; };
/* End PBXBuildFile section */

/* Begin PBXFileReference section */
		4EA8B4F22853A63F00684AC1 /* Shoe Shock.app */ = {isa = PBXFileReference; explicitFileType = wrapper.application; includeInIndex = 0; path = "Shoe Shock.app"; sourceTree = BUILT_PRODUCTS_DIR; };
		4EA8B4F52853A63F00684AC1 /* AppDelegate.swift */ = {isa = PBXFileReference; lastKnownFileType = sourcecode.swift; path = AppDelegate.swift; sourceTree = "<group>"; };
		4EA8B4F72853A63F00684AC1 /* SceneDelegate.swift */ = {isa = PBXFileReference; lastKnownFileType = sourcecode.swift; path = SceneDelegate.swift; sourceTree = "<group>"; };
		4EA8B4F92853A63F00684AC1 /* HomeVC.swift */ = {isa = PBXFileReference; lastKnownFileType = sourcecode.swift; path = HomeVC.swift; sourceTree = "<group>"; };
		4EA8B4FC2853A63F00684AC1 /* Base */ = {isa = PBXFileReference; lastKnownFileType = file.storyboard; name = Base; path = Base.lproj/Main.storyboard; sourceTree = "<group>"; };
		4EA8B4FE2853A64000684AC1 /* Assets.xcassets */ = {isa = PBXFileReference; lastKnownFileType = folder.assetcatalog; path = Assets.xcassets; sourceTree = "<group>"; };
		4EA8B5012853A64000684AC1 /* Base */ = {isa = PBXFileReference; lastKnownFileType = file.storyboard; name = Base; path = Base.lproj/LaunchScreen.storyboard; sourceTree = "<group>"; };
		4EA8B5032853A64000684AC1 /* Info.plist */ = {isa = PBXFileReference; lastKnownFileType = text.plist.xml; path = Info.plist; sourceTree = "<group>"; };
		4EA8B50C2853BEE300684AC1 /* BrandCell.swift */ = {isa = PBXFileReference; lastKnownFileType = sourcecode.swift; path = BrandCell.swift; sourceTree = "<group>"; };
		4EA8B50E2853BEF300684AC1 /* ShoeByBrandCell.swift */ = {isa = PBXFileReference; lastKnownFileType = sourcecode.swift; path = ShoeByBrandCell.swift; sourceTree = "<group>"; };
		4EA8B5132853C00F00684AC1 /* DataService.swift */ = {isa = PBXFileReference; lastKnownFileType = sourcecode.swift; path = DataService.swift; sourceTree = "<group>"; };
		4EA8B5152853C13000684AC1 /* Brand.swift */ = {isa = PBXFileReference; lastKnownFileType = sourcecode.swift; path = Brand.swift; sourceTree = "<group>"; };
		4EA8B5172853C13D00684AC1 /* Shoe.swift */ = {isa = PBXFileReference; lastKnownFileType = sourcecode.swift; path = Shoe.swift; sourceTree = "<group>"; };
		4EA8B5192855580E00684AC1 /* PopularShoeCell.swift */ = {isa = PBXFileReference; lastKnownFileType = sourcecode.swift; path = PopularShoeCell.swift; sourceTree = "<group>"; };
		4EA8B51B285830A900684AC1 /* DetailsVC.swift */ = {isa = PBXFileReference; lastKnownFileType = sourcecode.swift; path = DetailsVC.swift; sourceTree = "<group>"; };
/* End PBXFileReference section */

/* Begin PBXFrameworksBuildPhase section */
		4EA8B4EF2853A63F00684AC1 /* Frameworks */ = {
			isa = PBXFrameworksBuildPhase;
			buildActionMask = 2147483647;
			files = (
			);
			runOnlyForDeploymentPostprocessing = 0;
		};
/* End PBXFrameworksBuildPhase section */

/* Begin PBXGroup section */
		4EA8B4E92853A63F00684AC1 = {
			isa = PBXGroup;
			children = (
				4EA8B4F42853A63F00684AC1 /* Shoe Shock */,
				4EA8B4F32853A63F00684AC1 /* Products */,
			);
			sourceTree = "<group>";
		};
		4EA8B4F32853A63F00684AC1 /* Products */ = {
			isa = PBXGroup;
			children = (
				4EA8B4F22853A63F00684AC1 /* Shoe Shock.app */,
			);
			name = Products;
			sourceTree = "<group>";
		};
		4EA8B4F42853A63F00684AC1 /* Shoe Shock */ = {
			isa = PBXGroup;
			children = (
				4EA8B5102853BFCD00684AC1 /* Services */,
				4EA8B5092853AA5300684AC1 /* Model */,
				4EA8B50A2853AA5800684AC1 /* View */,
				4EA8B50B2853AA5F00684AC1 /* Controller */,
				4EA8B4F52853A63F00684AC1 /* AppDelegate.swift */,
				4EA8B4F72853A63F00684AC1 /* SceneDelegate.swift */,
				4EA8B4FB2853A63F00684AC1 /* Main.storyboard */,
				4EA8B4FE2853A64000684AC1 /* Assets.xcassets */,
				4EA8B5002853A64000684AC1 /* LaunchScreen.storyboard */,
				4EA8B5032853A64000684AC1 /* Info.plist */,
			);
			path = "Shoe Shock";
			sourceTree = "<group>";
		};
		4EA8B5092853AA5300684AC1 /* Model */ = {
			isa = PBXGroup;
			children = (
				4EA8B5152853C13000684AC1 /* Brand.swift */,
				4EA8B5172853C13D00684AC1 /* Shoe.swift */,
			);
			path = Model;
			sourceTree = "<group>";
		};
		4EA8B50A2853AA5800684AC1 /* View */ = {
			isa = PBXGroup;
			children = (
				4EA8B50C2853BEE300684AC1 /* BrandCell.swift */,
				4EA8B50E2853BEF300684AC1 /* ShoeByBrandCell.swift */,
				4EA8B5192855580E00684AC1 /* PopularShoeCell.swift */,
			);
			path = View;
			sourceTree = "<group>";
		};
		4EA8B50B2853AA5F00684AC1 /* Controller */ = {
			isa = PBXGroup;
			children = (
				4EA8B4F92853A63F00684AC1 /* HomeVC.swift */,
				4EA8B51B285830A900684AC1 /* DetailsVC.swift */,
			);
			path = Controller;
			sourceTree = "<group>";
		};
		4EA8B5102853BFCD00684AC1 /* Services */ = {
			isa = PBXGroup;
			children = (
				4EA8B5132853C00F00684AC1 /* DataService.swift */,
			);
			path = Services;
			sourceTree = "<group>";
		};
/* End PBXGroup section */

/* Begin PBXNativeTarget section */
		4EA8B4F12853A63F00684AC1 /* Shoe Shock */ = {
			isa = PBXNativeTarget;
			buildConfigurationList = 4EA8B5062853A64000684AC1 /* Build configuration list for PBXNativeTarget "Shoe Shock" */;
			buildPhases = (
				4EA8B4EE2853A63F00684AC1 /* Sources */,
				4EA8B4EF2853A63F00684AC1 /* Frameworks */,
				4EA8B4F02853A63F00684AC1 /* Resources */,
			);
			buildRules = (
			);
			dependencies = (
			);
			name = "Shoe Shock";
			productName = "Shoe Shock";
			productReference = 4EA8B4F22853A63F00684AC1 /* Shoe Shock.app */;
			productType = "com.apple.product-type.application";
		};
/* End PBXNativeTarget section */

/* Begin PBXProject section */
		4EA8B4EA2853A63F00684AC1 /* Project object */ = {
			isa = PBXProject;
			attributes = {
				BuildIndependentTargetsInParallel = 1;
				LastSwiftUpdateCheck = 1330;
				LastUpgradeCheck = 1330;
				TargetAttributes = {
					4EA8B4F12853A63F00684AC1 = {
						CreatedOnToolsVersion = 13.3.1;
					};
				};
			};
			buildConfigurationList = 4EA8B4ED2853A63F00684AC1 /* Build configuration list for PBXProject "Shoe Shock" */;
			compatibilityVersion = "Xcode 13.0";
			developmentRegion = en;
			hasScannedForEncodings = 0;
			knownRegions = (
				en,
				Base,
			);
			mainGroup = 4EA8B4E92853A63F00684AC1;
			productRefGroup = 4EA8B4F32853A63F00684AC1 /* Products */;
			projectDirPath = "";
			projectRoot = "";
			targets = (
				4EA8B4F12853A63F00684AC1 /* Shoe Shock */,
			);
		};
/* End PBXProject section */

/* Begin PBXResourcesBuildPhase section */
		4EA8B4F02853A63F00684AC1 /* Resources */ = {
			isa = PBXResourcesBuildPhase;
			buildActionMask = 2147483647;
			files = (
				4EA8B5022853A64000684AC1 /* LaunchScreen.storyboard in Resources */,
				4EA8B4FF2853A64000684AC1 /* Assets.xcassets in Resources */,
				4EA8B4FD2853A63F00684AC1 /* Main.storyboard in Resources */,
			);
			runOnlyForDeploymentPostprocessing = 0;
		};
/* End PBXResourcesBuildPhase section */

/* Begin PBXSourcesBuildPhase section */
		4EA8B4EE2853A63F00684AC1 /* Sources */ = {
			isa = PBXSourcesBuildPhase;
			buildActionMask = 2147483647;
			files = (
				4EA8B4FA2853A63F00684AC1 /* HomeVC.swift in Sources */,
				4EA8B50D2853BEE300684AC1 /* BrandCell.swift in Sources */,
				4EA8B4F62853A63F00684AC1 /* AppDelegate.swift in Sources */,
				4EA8B5142853C00F00684AC1 /* DataService.swift in Sources */,
				4EA8B5182853C13D00684AC1 /* Shoe.swift in Sources */,
				4EA8B5162853C13000684AC1 /* Brand.swift in Sources */,
				4EA8B51A2855580E00684AC1 /* PopularShoeCell.swift in Sources */,
				4EA8B4F82853A63F00684AC1 /* SceneDelegate.swift in Sources */,
				4EA8B50F2853BEF300684AC1 /* ShoeByBrandCell.swift in Sources */,
				4EA8B51C285830A900684AC1 /* DetailsVC.swift in Sources */,
			);
			runOnlyForDeploymentPostprocessing = 0;
		};
/* End PBXSourcesBuildPhase section */

/* Begin PBXVariantGroup section */
		4EA8B4FB2853A63F00684AC1 /* Main.storyboard */ = {
			isa = PBXVariantGroup;
			children = (
				4EA8B4FC2853A63F00684AC1 /* Base */,
			);
			name = Main.storyboard;
			sourceTree = "<group>";
		};
		4EA8B5002853A64000684AC1 /* LaunchScreen.storyboard */ = {
			isa = PBXVariantGroup;
			children = (
				4EA8B5012853A64000684AC1 /* Base */,
			);
			name = LaunchScreen.storyboard;
			sourceTree = "<group>";
		};
/* End PBXVariantGroup section */

/* Begin XCBuildConfiguration section */
		4EA8B5042853A64000684AC1 /* Debug */ = {
			isa = XCBuildConfiguration;
			buildSettings = {
				ALWAYS_SEARCH_USER_PATHS = NO;
				CLANG_ANALYZER_NONNULL = YES;
				CLANG_ANALYZER_NUMBER_OBJECT_CONVERSION = YES_AGGRESSIVE;
				CLANG_CXX_LANGUAGE_STANDARD = "gnu++17";
				CLANG_ENABLE_MODULES = YES;
				CLANG_ENABLE_OBJC_ARC = YES;
				CLANG_ENABLE_OBJC_WEAK = YES;
				CLANG_WARN_BLOCK_CAPTURE_AUTORELEASING = YES;
				CLANG_WARN_BOOL_CONVERSION = YES;
				CLANG_WARN_COMMA = YES;
				CLANG_WARN_CONSTANT_CONVERSION = YES;
				CLANG_WARN_DEPRECATED_OBJC_IMPLEMENTATIONS = YES;
				CLANG_WARN_DIRECT_OBJC_ISA_USAGE = YES_ERROR;
				CLANG_WARN_DOCUMENTATION_COMMENTS = YES;
				CLANG_WARN_EMPTY_BODY = YES;
				CLANG_WARN_ENUM_CONVERSION = YES;
				CLANG_WARN_INFINITE_RECURSION = YES;
				CLANG_WARN_INT_CONVERSION = YES;
				CLANG_WARN_NON_LITERAL_NULL_CONVERSION = YES;
				CLANG_WARN_OBJC_IMPLICIT_RETAIN_SELF = YES;
				CLANG_WARN_OBJC_LITERAL_CONVERSION = YES;
				CLANG_WARN_OBJC_ROOT_CLASS = YES_ERROR;
				CLANG_WARN_QUOTED_INCLUDE_IN_FRAMEWORK_HEADER = YES;
				CLANG_WARN_RANGE_LOOP_ANALYSIS = YES;
				CLANG_WARN_STRICT_PROTOTYPES = YES;
				CLANG_WARN_SUSPICIOUS_MOVE = YES;
				CLANG_WARN_UNGUARDED_AVAILABILITY = YES_AGGRESSIVE;
				CLANG_WARN_UNREACHABLE_CODE = YES;
				CLANG_WARN__DUPLICATE_METHOD_MATCH = YES;
				COPY_PHASE_STRIP = NO;
				DEBUG_INFORMATION_FORMAT = dwarf;
				ENABLE_STRICT_OBJC_MSGSEND = YES;
				ENABLE_TESTABILITY = YES;
				GCC_C_LANGUAGE_STANDARD = gnu11;
				GCC_DYNAMIC_NO_PIC = NO;
				GCC_NO_COMMON_BLOCKS = YES;
				GCC_OPTIMIZATION_LEVEL = 0;
				GCC_PREPROCESSOR_DEFINITIONS = (
					"DEBUG=1",
					"$(inherited)",
				);
				GCC_WARN_64_TO_32_BIT_CONVERSION = YES;
				GCC_WARN_ABOUT_RETURN_TYPE = YES_ERROR;
				GCC_WARN_UNDECLARED_SELECTOR = YES;
				GCC_WARN_UNINITIALIZED_AUTOS = YES_AGGRESSIVE;
				GCC_WARN_UNUSED_FUNCTION = YES;
				GCC_WARN_UNUSED_VARIABLE = YES;
				IPHONEOS_DEPLOYMENT_TARGET = 15.4;
				MTL_ENABLE_DEBUG_INFO = INCLUDE_SOURCE;
				MTL_FAST_MATH = YES;
				ONLY_ACTIVE_ARCH = YES;
				SDKROOT = iphoneos;
				SWIFT_ACTIVE_COMPILATION_CONDITIONS = DEBUG;
				SWIFT_OPTIMIZATION_LEVEL = "-Onone";
			};
			name = Debug;
		};
		4EA8B5052853A64000684AC1 /* Release */ = {
			isa = XCBuildConfiguration;
			buildSettings = {
				ALWAYS_SEARCH_USER_PATHS = NO;
				CLANG_ANALYZER_NONNULL = YES;
				CLANG_ANALYZER_NUMBER_OBJECT_CONVERSION = YES_AGGRESSIVE;
				CLANG_CXX_LANGUAGE_STANDARD = "gnu++17";
				CLANG_ENABLE_MODULES = YES;
				CLANG_ENABLE_OBJC_ARC = YES;
				CLANG_ENABLE_OBJC_WEAK = YES;
				CLANG_WARN_BLOCK_CAPTURE_AUTORELEASING = YES;
				CLANG_WARN_BOOL_CONVERSION = YES;
				CLANG_WARN_COMMA = YES;
				CLANG_WARN_CONSTANT_CONVERSION = YES;
				CLANG_WARN_DEPRECATED_OBJC_IMPLEMENTATIONS = YES;
				CLANG_WARN_DIRECT_OBJC_ISA_USAGE = YES_ERROR;
				CLANG_WARN_DOCUMENTATION_COMMENTS = YES;
				CLANG_WARN_EMPTY_BODY = YES;
				CLANG_WARN_ENUM_CONVERSION = YES;
				CLANG_WARN_INFINITE_RECURSION = YES;
				CLANG_WARN_INT_CONVERSION = YES;
				CLANG_WARN_NON_LITERAL_NULL_CONVERSION = YES;
				CLANG_WARN_OBJC_IMPLICIT_RETAIN_SELF = YES;
				CLANG_WARN_OBJC_LITERAL_CONVERSION = YES;
				CLANG_WARN_OBJC_ROOT_CLASS = YES_ERROR;
				CLANG_WARN_QUOTED_INCLUDE_IN_FRAMEWORK_HEADER = YES;
				CLANG_WARN_RANGE_LOOP_ANALYSIS = YES;
				CLANG_WARN_STRICT_PROTOTYPES = YES;
				CLANG_WARN_SUSPICIOUS_MOVE = YES;
				CLANG_WARN_UNGUARDED_AVAILABILITY = YES_AGGRESSIVE;
				CLANG_WARN_UNREACHABLE_CODE = YES;
				CLANG_WARN__DUPLICATE_METHOD_MATCH = YES;
				COPY_PHASE_STRIP = NO;
				DEBUG_INFORMATION_FORMAT = "dwarf-with-dsym";
				ENABLE_NS_ASSERTIONS = NO;
				ENABLE_STRICT_OBJC_MSGSEND = YES;
				GCC_C_LANGUAGE_STANDARD = gnu11;
				GCC_NO_COMMON_BLOCKS = YES;
				GCC_WARN_64_TO_32_BIT_CONVERSION = YES;
				GCC_WARN_ABOUT_RETURN_TYPE = YES_ERROR;
				GCC_WARN_UNDECLARED_SELECTOR = YES;
				GCC_WARN_UNINITIALIZED_AUTOS = YES_AGGRESSIVE;
				GCC_WARN_UNUSED_FUNCTION = YES;
				GCC_WARN_UNUSED_VARIABLE = YES;
				IPHONEOS_DEPLOYMENT_TARGET = 15.4;
				MTL_ENABLE_DEBUG_INFO = NO;
				MTL_FAST_MATH = YES;
				SDKROOT = iphoneos;
				SWIFT_COMPILATION_MODE = wholemodule;
				SWIFT_OPTIMIZATION_LEVEL = "-O";
				VALIDATE_PRODUCT = YES;
			};
			name = Release;
		};
		4EA8B5072853A64000684AC1 /* Debug */ = {
			isa = XCBuildConfiguration;
			buildSettings = {
				ASSETCATALOG_COMPILER_APPICON_NAME = AppIcon;
				ASSETCATALOG_COMPILER_GLOBAL_ACCENT_COLOR_NAME = AccentColor;
				CODE_SIGN_STYLE = Automatic;
				CURRENT_PROJECT_VERSION = 1;
				GENERATE_INFOPLIST_FILE = YES;
				INFOPLIST_FILE = "Shoe Shock/Info.plist";
				INFOPLIST_KEY_UIApplicationSupportsIndirectInputEvents = YES;
				INFOPLIST_KEY_UILaunchStoryboardName = LaunchScreen;
				INFOPLIST_KEY_UIMainStoryboardFile = Main;
				INFOPLIST_KEY_UISupportedInterfaceOrientations_iPad = "UIInterfaceOrientationPortrait UIInterfaceOrientationPortraitUpsideDown UIInterfaceOrientationLandscapeLeft UIInterfaceOrientationLandscapeRight";
				INFOPLIST_KEY_UISupportedInterfaceOrientations_iPhone = "UIInterfaceOrientationPortrait UIInterfaceOrientationLandscapeLeft UIInterfaceOrientationLandscapeRight";
				LD_RUNPATH_SEARCH_PATHS = (
					"$(inherited)",
					"@executable_path/Frameworks",
				);
				MARKETING_VERSION = 1.0;
				PRODUCT_BUNDLE_IDENTIFIER = "stevenapk.Shoe-Shock";
				PRODUCT_NAME = "$(TARGET_NAME)";
				SWIFT_EMIT_LOC_STRINGS = YES;
				SWIFT_VERSION = 5.0;
				TARGETED_DEVICE_FAMILY = "1,2";
			};
			name = Debug;
		};
		4EA8B5082853A64000684AC1 /* Release */ = {
			isa = XCBuildConfiguration;
			buildSettings = {
				ASSETCATALOG_COMPILER_APPICON_NAME = AppIcon;
				ASSETCATALOG_COMPILER_GLOBAL_ACCENT_COLOR_NAME = AccentColor;
				CODE_SIGN_STYLE = Automatic;
				CURRENT_PROJECT_VERSION = 1;
				GENERATE_INFOPLIST_FILE = YES;
				INFOPLIST_FILE = "Shoe Shock/Info.plist";
				INFOPLIST_KEY_UIApplicationSupportsIndirectInputEvents = YES;
				INFOPLIST_KEY_UILaunchStoryboardName = LaunchScreen;
				INFOPLIST_KEY_UIMainStoryboardFile = Main;
				INFOPLIST_KEY_UISupportedInterfaceOrientations_iPad = "UIInterfaceOrientationPortrait UIInterfaceOrientationPortraitUpsideDown UIInterfaceOrientationLandscapeLeft UIInterfaceOrientationLandscapeRight";
				INFOPLIST_KEY_UISupportedInterfaceOrientations_iPhone = "UIInterfaceOrientationPortrait UIInterfaceOrientationLandscapeLeft UIInterfaceOrientationLandscapeRight";
				LD_RUNPATH_SEARCH_PATHS = (
					"$(inherited)",
					"@executable_path/Frameworks",
				);
				MARKETING_VERSION = 1.0;
				PRODUCT_BUNDLE_IDENTIFIER = "stevenapk.Shoe-Shock";
				PRODUCT_NAME = "$(TARGET_NAME)";
				SWIFT_EMIT_LOC_STRINGS = YES;
				SWIFT_VERSION = 5.0;
				TARGETED_DEVICE_FAMILY = "1,2";
			};
			name = Release;
		};
/* End XCBuildConfiguration section */

/* Begin XCConfigurationList section */
		4EA8B4ED2853A63F00684AC1 /* Build configuration list for PBXProject "Shoe Shock" */ = {
			isa = XCConfigurationList;
			buildConfigurations = (
				4EA8B5042853A64000684AC1 /* Debug */,
				4EA8B5052853A64000684AC1 /* Release */,
			);
			defaultConfigurationIsVisible = 0;
			defaultConfigurationName = Release;
		};
		4EA8B5062853A64000684AC1 /* Build configuration list for PBXNativeTarget "Shoe Shock" */ = {
			isa = XCConfigurationList;
			buildConfigurations = (
				4EA8B5072853A64000684AC1 /* Debug */,
				4EA8B5082853A64000684AC1 /* Release */,
			);
			defaultConfigurationIsVisible = 0;
			defaultConfigurationName = Release;
		};
/* End XCConfigurationList section */
	};
	rootObject = 4EA8B4EA2853A63F00684AC1 /* Project object */;
}
